
Microsoft Visual Studio Solution File, Format Version 12.00
# Visual Studio Version 17
VisualStudioVersion = 17.0.32014.148
MinimumVisualStudioVersion = 10.0.40219.1
Project("{FAE04EC0-301F-11D3-BF4B-00C04F79EFBC}") = "estruturas condicionais", "estruturas condicionais\estruturas condicionais.csproj", "{E7775BCB-34A4-463C-A76D-D9D464AB31FB}"
EndProject
Global
	GlobalSection(SolutionConfigurationPlatforms) = preSolution
		Debug|Any CPU = Debug|Any CPU
		Release|Any CPU = Release|Any CPU
	EndGlobalSection
	GlobalSection(ProjectConfigurationPlatforms) = postSolution
		{E7775BCB-34A4-463C-A76D-D9D464AB31FB}.Debug|Any CPU.ActiveCfg = Debug|Any CPU
		{E7775BCB-34A4-463C-A76D-D9D464AB31FB}.Debug|Any CPU.Build.0 = Debug|Any CPU
		{E7775BCB-34A4-463C-A76D-D9D464AB31FB}.Release|Any CPU.ActiveCfg = Release|Any CPU
		{E7775BCB-34A4-463C-A76D-D9D464AB31FB}.Release|Any CPU.Build.0 = Release|Any CPU
	EndGlobalSection
	GlobalSection(SolutionProperties) = preSolution
		HideSolutionNode = FALSE
	EndGlobalSection
	GlobalSection(ExtensibilityGlobals) = postSolution
		SolutionGuid = {4CDDEA24-7F6C-46A3-8629-57D738498A14}
	EndGlobalSection
EndGlobal
